
Microsoft Visual Studio Solution File, Format Version 12.00
# Visual Studio Version 17
VisualStudioVersion = 17.0.31903.59
MinimumVisualStudioVersion = 10.0.40219.1
Project("{FAE04EC0-301F-11D3-BF4B-00C04F79EFBC}") = "JwtStore.API", "JwtStore.API\JwtStore.API.csproj", "{FC3CE9D8-5BD5-48E0-B039-1BBD277A409E}"
EndProject
Project("{FAE04EC0-301F-11D3-BF4B-00C04F79EFBC}") = "JwtStore.Core", "JwtStore.Core\JwtStore.Core.csproj", "{0B7B8C42-1A50-4512-B8F9-7DB5D4F0A6F0}"
EndProject
Project("{FAE04EC0-301F-11D3-BF4B-00C04F79EFBC}") = "JwtStore.Infra", "JwtStore.Infra\JwtStore.Infra.csproj", "{24F791D6-B780-4D63-A4AD-E2E12289E655}"
EndProject
Global
	GlobalSection(SolutionConfigurationPlatforms) = preSolution
		Debug|Any CPU = Debug|Any CPU
		Release|Any CPU = Release|Any CPU
	EndGlobalSection
	GlobalSection(SolutionProperties) = preSolution
		HideSolutionNode = FALSE
	EndGlobalSection
	GlobalSection(ProjectConfigurationPlatforms) = postSolution
		{FC3CE9D8-5BD5-48E0-B039-1BBD277A409E}.Debug|Any CPU.ActiveCfg = Debug|Any CPU
		{FC3CE9D8-5BD5-48E0-B039-1BBD277A409E}.Debug|Any CPU.Build.0 = Debug|Any CPU
		{FC3CE9D8-5BD5-48E0-B039-1BBD277A409E}.Release|Any CPU.ActiveCfg = Release|Any CPU
		{FC3CE9D8-5BD5-48E0-B039-1BBD277A409E}.Release|Any CPU.Build.0 = Release|Any CPU
		{0B7B8C42-1A50-4512-B8F9-7DB5D4F0A6F0}.Debug|Any CPU.ActiveCfg = Debug|Any CPU
		{0B7B8C42-1A50-4512-B8F9-7DB5D4F0A6F0}.Debug|Any CPU.Build.0 = Debug|Any CPU
		{0B7B8C42-1A50-4512-B8F9-7DB5D4F0A6F0}.Release|Any CPU.ActiveCfg = Release|Any CPU
		{0B7B8C42-1A50-4512-B8F9-7DB5D4F0A6F0}.Release|Any CPU.Build.0 = Release|Any CPU
		{24F791D6-B780-4D63-A4AD-E2E12289E655}.Debug|Any CPU.ActiveCfg = Debug|Any CPU
		{24F791D6-B780-4D63-A4AD-E2E12289E655}.Debug|Any CPU.Build.0 = Debug|Any CPU
		{24F791D6-B780-4D63-A4AD-E2E12289E655}.Release|Any CPU.ActiveCfg = Release|Any CPU
		{24F791D6-B780-4D63-A4AD-E2E12289E655}.Release|Any CPU.Build.0 = Release|Any CPU
	EndGlobalSection
EndGlobal
